
Microsoft Visual Studio Solution File, Format Version 11.00
# Visual Studio 2010
Project("{FAE04EC0-301F-11D3-BF4B-00C04F79EFBC}") = "TeamRocket Flight Demo", "Assembly-CSharp.csproj", "{A65119BD-AAD7-3BCB-CFF6-83983A6AE100}"
EndProject
Global
	GlobalSection(SolutionConfigurationPlatforms) = preSolution
		Debug|Any CPU = Debug|Any CPU
		Release|Any CPU = Release|Any CPU
	EndGlobalSection
	GlobalSection(ProjectConfigurationPlatforms) = postSolution
		{A65119BD-AAD7-3BCB-CFF6-83983A6AE100}.Debug|Any CPU.ActiveCfg = Debug|Any CPU
		{A65119BD-AAD7-3BCB-CFF6-83983A6AE100}.Debug|Any CPU.Build.0 = Debug|Any CPU
		{A65119BD-AAD7-3BCB-CFF6-83983A6AE100}.Release|Any CPU.ActiveCfg = Release|Any CPU
		{A65119BD-AAD7-3BCB-CFF6-83983A6AE100}.Release|Any CPU.Build.0 = Release|Any CPU
	EndGlobalSection
	GlobalSection(SolutionProperties) = preSolution
		HideSolutionNode = FALSE
	EndGlobalSection
	GlobalSection(MonoDevelopProperties) = preSolution
		StartupItem = Assembly-CSharp.csproj
	EndGlobalSection
EndGlobal
